
Microsoft Visual Studio Solution File, Format Version 12.00
# Visual Studio Version 17
VisualStudioVersion = 17.11.35327.3
MinimumVisualStudioVersion = 10.0.40219.1
Project("{FAE04EC0-301F-11D3-BF4B-00C04F79EFBC}") = "SWPDM Update Card Data", "SWPDM Update Card Data.csproj", "{3973FE7B-4273-41B0-A0EA-FD2D4DAC3F40}"
EndProject
Global
	GlobalSection(SolutionConfigurationPlatforms) = preSolution
		Debug|Any CPU = Debug|Any CPU
		Release|Any CPU = Release|Any CPU
	EndGlobalSection
	GlobalSection(ProjectConfigurationPlatforms) = postSolution
		{3973FE7B-4273-41B0-A0EA-FD2D4DAC3F40}.Debug|Any CPU.ActiveCfg = Debug|Any CPU
		{3973FE7B-4273-41B0-A0EA-FD2D4DAC3F40}.Debug|Any CPU.Build.0 = Debug|Any CPU
		{3973FE7B-4273-41B0-A0EA-FD2D4DAC3F40}.Release|Any CPU.ActiveCfg = Release|Any CPU
		{3973FE7B-4273-41B0-A0EA-FD2D4DAC3F40}.Release|Any CPU.Build.0 = Release|Any CPU
	EndGlobalSection
	GlobalSection(SolutionProperties) = preSolution
		HideSolutionNode = FALSE
	EndGlobalSection
	GlobalSection(ExtensibilityGlobals) = postSolution
		SolutionGuid = {494730C3-3775-490F-9F06-75FDA3A716C7}
	EndGlobalSection
EndGlobal
